
Microsoft Visual Studio Solution File, Format Version 12.00
# Visual Studio 15
VisualStudioVersion = 15.0.28307.645
MinimumVisualStudioVersion = 10.0.40219.1
Project("{FAE04EC0-301F-11D3-BF4B-00C04F79EFBC}") = "Film.WebApi", "Film.WebApi\Film.WebApi.csproj", "{C8F46595-1173-4158-9829-B4C9CEA69BE1}"
EndProject
Project("{FAE04EC0-301F-11D3-BF4B-00C04F79EFBC}") = "Film.DAL", "Film.DAL\Film.DAL.csproj", "{AA9BECA6-05A8-48E3-82E2-0ED7B6BDACE8}"
EndProject
Project("{FAE04EC0-301F-11D3-BF4B-00C04F79EFBC}") = "Film.Model", "Film.Model\Film.Model.csproj", "{A5FBFBBD-ED4A-4224-B843-381CEE5A2F07}"
EndProject
Project("{FAE04EC0-301F-11D3-BF4B-00C04F79EFBC}") = "Film.Common", "Film.Common\Film.Common.csproj", "{5D4B91A3-3164-4C1C-9FEB-F088FCFDC035}"
EndProject
Project("{FAE04EC0-301F-11D3-BF4B-00C04F79EFBC}") = "Film.Log", "Log\Film.Log.csproj", "{9E7E3FEB-BFB2-438A-B37E-0D69D1C752DB}"
EndProject
Global
	GlobalSection(SolutionConfigurationPlatforms) = preSolution
		Debug|Any CPU = Debug|Any CPU
		Release|Any CPU = Release|Any CPU
	EndGlobalSection
	GlobalSection(ProjectConfigurationPlatforms) = postSolution
		{C8F46595-1173-4158-9829-B4C9CEA69BE1}.Debug|Any CPU.ActiveCfg = Debug|Any CPU
		{C8F46595-1173-4158-9829-B4C9CEA69BE1}.Debug|Any CPU.Build.0 = Debug|Any CPU
		{C8F46595-1173-4158-9829-B4C9CEA69BE1}.Release|Any CPU.ActiveCfg = Release|Any CPU
		{C8F46595-1173-4158-9829-B4C9CEA69BE1}.Release|Any CPU.Build.0 = Release|Any CPU
		{AA9BECA6-05A8-48E3-82E2-0ED7B6BDACE8}.Debug|Any CPU.ActiveCfg = Debug|Any CPU
		{AA9BECA6-05A8-48E3-82E2-0ED7B6BDACE8}.Debug|Any CPU.Build.0 = Debug|Any CPU
		{AA9BECA6-05A8-48E3-82E2-0ED7B6BDACE8}.Release|Any CPU.ActiveCfg = Release|Any CPU
		{AA9BECA6-05A8-48E3-82E2-0ED7B6BDACE8}.Release|Any CPU.Build.0 = Release|Any CPU
		{A5FBFBBD-ED4A-4224-B843-381CEE5A2F07}.Debug|Any CPU.ActiveCfg = Debug|Any CPU
		{A5FBFBBD-ED4A-4224-B843-381CEE5A2F07}.Debug|Any CPU.Build.0 = Debug|Any CPU
		{A5FBFBBD-ED4A-4224-B843-381CEE5A2F07}.Release|Any CPU.ActiveCfg = Release|Any CPU
		{A5FBFBBD-ED4A-4224-B843-381CEE5A2F07}.Release|Any CPU.Build.0 = Release|Any CPU
		{5D4B91A3-3164-4C1C-9FEB-F088FCFDC035}.Debug|Any CPU.ActiveCfg = Debug|Any CPU
		{5D4B91A3-3164-4C1C-9FEB-F088FCFDC035}.Debug|Any CPU.Build.0 = Debug|Any CPU
		{5D4B91A3-3164-4C1C-9FEB-F088FCFDC035}.Release|Any CPU.ActiveCfg = Release|Any CPU
		{5D4B91A3-3164-4C1C-9FEB-F088FCFDC035}.Release|Any CPU.Build.0 = Release|Any CPU
		{9E7E3FEB-BFB2-438A-B37E-0D69D1C752DB}.Debug|Any CPU.ActiveCfg = Debug|Any CPU
		{9E7E3FEB-BFB2-438A-B37E-0D69D1C752DB}.Debug|Any CPU.Build.0 = Debug|Any CPU
		{9E7E3FEB-BFB2-438A-B37E-0D69D1C752DB}.Release|Any CPU.ActiveCfg = Release|Any CPU
		{9E7E3FEB-BFB2-438A-B37E-0D69D1C752DB}.Release|Any CPU.Build.0 = Release|Any CPU
	EndGlobalSection
	GlobalSection(SolutionProperties) = preSolution
		HideSolutionNode = FALSE
	EndGlobalSection
	GlobalSection(ExtensibilityGlobals) = postSolution
		SolutionGuid = {6FAA67C1-EB2F-4655-9F68-BD6A86F4F104}
	EndGlobalSection
EndGlobal
